
Microsoft Visual Studio Solution File, Format Version 12.00
# Visual Studio Version 17
VisualStudioVersion = 17.10.35027.167
MinimumVisualStudioVersion = 10.0.40219.1
Project("{FAE04EC0-301F-11D3-BF4B-00C04F79EFBC}") = "CVOIS", "CVOIS\CVOIS.csproj", "{B11B263B-5E87-43C6-A86F-B436F802D754}"
EndProject
Global
	GlobalSection(SolutionConfigurationPlatforms) = preSolution
		Debug|Any CPU = Debug|Any CPU
		Release|Any CPU = Release|Any CPU
	EndGlobalSection
	GlobalSection(ProjectConfigurationPlatforms) = postSolution
		{B11B263B-5E87-43C6-A86F-B436F802D754}.Debug|Any CPU.ActiveCfg = Debug|Any CPU
		{B11B263B-5E87-43C6-A86F-B436F802D754}.Debug|Any CPU.Build.0 = Debug|Any CPU
		{B11B263B-5E87-43C6-A86F-B436F802D754}.Release|Any CPU.ActiveCfg = Release|Any CPU
		{B11B263B-5E87-43C6-A86F-B436F802D754}.Release|Any CPU.Build.0 = Release|Any CPU
	EndGlobalSection
	GlobalSection(SolutionProperties) = preSolution
		HideSolutionNode = FALSE
	EndGlobalSection
	GlobalSection(ExtensibilityGlobals) = postSolution
		SolutionGuid = {A1A14E69-45E9-440B-B368-C469D993A218}
	EndGlobalSection
EndGlobal
